
Microsoft Visual Studio Solution File, Format Version 12.00
# Visual Studio Version 17
VisualStudioVersion = 17.0.32112.339
MinimumVisualStudioVersion = 10.0.40219.1
Project("{2150E333-8FDC-42A3-9474-1A3956D46DE8}") = "Solution Items", "Solution Items", "{3FDDBF29-6B84-4318-9562-C70FB5535074}"
	ProjectSection(SolutionItems) = preProject
		.github\workflows\codeql-analysis.yml = .github\workflows\codeql-analysis.yml
		Dockerfile = Dockerfile
		.github\workflows\dotnet.yml = .github\workflows\dotnet.yml
		.github\workflows\heroku-deploy.yml = .github\workflows\heroku-deploy.yml
	EndProjectSection
EndProject
Project("{9A19103F-16F7-4668-BE54-9A1E7A4F7556}") = "PlanningGambler.Server", "PlanningGambler\Server\PlanningGambler.Server.csproj", "{A0FA3B6A-BF87-4C76-9A6B-B5A36A000C8E}"
EndProject
Project("{9A19103F-16F7-4668-BE54-9A1E7A4F7556}") = "PlanningGambler.Client", "PlanningGambler\Client\PlanningGambler.Client.csproj", "{47FCA208-11E9-44FF-980F-9EAE0ADDDE15}"
EndProject
Project("{9A19103F-16F7-4668-BE54-9A1E7A4F7556}") = "PlanningGambler.Shared", "PlanningGambler\Shared\PlanningGambler.Shared.csproj", "{3B014202-219D-4458-880F-C0468A9A0045}"
EndProject
Global
	GlobalSection(SolutionConfigurationPlatforms) = preSolution
		Debug|Any CPU = Debug|Any CPU
		Release|Any CPU = Release|Any CPU
	EndGlobalSection
	GlobalSection(ProjectConfigurationPlatforms) = postSolution
		{A0FA3B6A-BF87-4C76-9A6B-B5A36A000C8E}.Debug|Any CPU.ActiveCfg = Debug|Any CPU
		{A0FA3B6A-BF87-4C76-9A6B-B5A36A000C8E}.Debug|Any CPU.Build.0 = Debug|Any CPU
		{A0FA3B6A-BF87-4C76-9A6B-B5A36A000C8E}.Release|Any CPU.ActiveCfg = Release|Any CPU
		{A0FA3B6A-BF87-4C76-9A6B-B5A36A000C8E}.Release|Any CPU.Build.0 = Release|Any CPU
		{47FCA208-11E9-44FF-980F-9EAE0ADDDE15}.Debug|Any CPU.ActiveCfg = Debug|Any CPU
		{47FCA208-11E9-44FF-980F-9EAE0ADDDE15}.Debug|Any CPU.Build.0 = Debug|Any CPU
		{47FCA208-11E9-44FF-980F-9EAE0ADDDE15}.Release|Any CPU.ActiveCfg = Release|Any CPU
		{47FCA208-11E9-44FF-980F-9EAE0ADDDE15}.Release|Any CPU.Build.0 = Release|Any CPU
		{3B014202-219D-4458-880F-C0468A9A0045}.Debug|Any CPU.ActiveCfg = Debug|Any CPU
		{3B014202-219D-4458-880F-C0468A9A0045}.Debug|Any CPU.Build.0 = Debug|Any CPU
		{3B014202-219D-4458-880F-C0468A9A0045}.Release|Any CPU.ActiveCfg = Release|Any CPU
		{3B014202-219D-4458-880F-C0468A9A0045}.Release|Any CPU.Build.0 = Release|Any CPU
	EndGlobalSection
	GlobalSection(SolutionProperties) = preSolution
		HideSolutionNode = FALSE
	EndGlobalSection
	GlobalSection(ExtensibilityGlobals) = postSolution
		SolutionGuid = {06FEFE42-8D66-4A1B-BAB1-165B6D5B58EA}
	EndGlobalSection
EndGlobal
