
Microsoft Visual Studio Solution File, Format Version 12.00
Project("{FAE04EC0-301F-11D3-BF4B-00C04F79EFBC}") = "PlanningGambler", "PlanningGambler\PlanningGambler.csproj", "{5B507731-5F92-4CFC-A2BE-C789CD16067F}"
EndProject
Global
	GlobalSection(SolutionConfigurationPlatforms) = preSolution
		Debug|Any CPU = Debug|Any CPU
		Release|Any CPU = Release|Any CPU
	EndGlobalSection
	GlobalSection(ProjectConfigurationPlatforms) = postSolution
		{5B507731-5F92-4CFC-A2BE-C789CD16067F}.Debug|Any CPU.ActiveCfg = Debug|Any CPU
		{5B507731-5F92-4CFC-A2BE-C789CD16067F}.Debug|Any CPU.Build.0 = Debug|Any CPU
		{5B507731-5F92-4CFC-A2BE-C789CD16067F}.Release|Any CPU.ActiveCfg = Release|Any CPU
		{5B507731-5F92-4CFC-A2BE-C789CD16067F}.Release|Any CPU.Build.0 = Release|Any CPU
	EndGlobalSection
EndGlobal
